
Microsoft Visual Studio Solution File, Format Version 12.00
# Visual Studio Version 16
VisualStudioVersion = 16.0.31005.135
MinimumVisualStudioVersion = 10.0.40219.1
Project("{FAE04EC0-301F-11D3-BF4B-00C04F79EFBC}") = "EVCharging.Admin", "EVCharging.Admin\EVCharging.Admin.csproj", "{CE6EEDAC-1CFA-413B-BB0C-14E5F5AC0A56}"
EndProject
Project("{FAE04EC0-301F-11D3-BF4B-00C04F79EFBC}") = "EVCharging.Data", "EVCharging.Data\EVCharging.Data.csproj", "{F7110942-5807-433B-8A3D-EBF740E889EF}"
EndProject
Project("{FAE04EC0-301F-11D3-BF4B-00C04F79EFBC}") = "EVCharging.User", "EVCharging.User\EVCharging.User.csproj", "{E82D091A-8FC0-4257-9064-F116FA491E7E}"
EndProject
Global
	GlobalSection(SolutionConfigurationPlatforms) = preSolution
		Debug|Any CPU = Debug|Any CPU
		Release|Any CPU = Release|Any CPU
	EndGlobalSection
	GlobalSection(ProjectConfigurationPlatforms) = postSolution
		{CE6EEDAC-1CFA-413B-BB0C-14E5F5AC0A56}.Debug|Any CPU.ActiveCfg = Debug|Any CPU
		{CE6EEDAC-1CFA-413B-BB0C-14E5F5AC0A56}.Debug|Any CPU.Build.0 = Debug|Any CPU
		{CE6EEDAC-1CFA-413B-BB0C-14E5F5AC0A56}.Release|Any CPU.ActiveCfg = Release|Any CPU
		{CE6EEDAC-1CFA-413B-BB0C-14E5F5AC0A56}.Release|Any CPU.Build.0 = Release|Any CPU
		{F7110942-5807-433B-8A3D-EBF740E889EF}.Debug|Any CPU.ActiveCfg = Debug|Any CPU
		{F7110942-5807-433B-8A3D-EBF740E889EF}.Debug|Any CPU.Build.0 = Debug|Any CPU
		{F7110942-5807-433B-8A3D-EBF740E889EF}.Release|Any CPU.ActiveCfg = Release|Any CPU
		{F7110942-5807-433B-8A3D-EBF740E889EF}.Release|Any CPU.Build.0 = Release|Any CPU
		{E82D091A-8FC0-4257-9064-F116FA491E7E}.Debug|Any CPU.ActiveCfg = Debug|Any CPU
		{E82D091A-8FC0-4257-9064-F116FA491E7E}.Debug|Any CPU.Build.0 = Debug|Any CPU
		{E82D091A-8FC0-4257-9064-F116FA491E7E}.Release|Any CPU.ActiveCfg = Release|Any CPU
		{E82D091A-8FC0-4257-9064-F116FA491E7E}.Release|Any CPU.Build.0 = Release|Any CPU
	EndGlobalSection
	GlobalSection(SolutionProperties) = preSolution
		HideSolutionNode = FALSE
	EndGlobalSection
	GlobalSection(ExtensibilityGlobals) = postSolution
		SolutionGuid = {D180CEFC-4FA2-4094-AEA7-274DC714AAAB}
	EndGlobalSection
EndGlobal
